{
  "lockfile_version": "1",
  "packages": {
    "bundler": {
      "resolved": "github:NixOS/nixpkgs/75a52265bda7fd25e06e3a67dee3f0354e73243c#bundler",
      "source": "nixpkg"
    },
    "libwebp": {
      "resolved": "github:NixOS/nixpkgs/75a52265bda7fd25e06e3a67dee3f0354e73243c#libwebp",
      "source": "nixpkg"
    },
    "nodejs": {
      "plugin_version": "0.0.2",
      "resolved": "github:NixOS/nixpkgs/75a52265bda7fd25e06e3a67dee3f0354e73243c#nodejs",
      "source": "nixpkg"
    },
    "ruby_3_3": {
      "plugin_version": "0.0.2",
      "resolved": "github:NixOS/nixpkgs/75a52265bda7fd25e06e3a67dee3f0354e73243c#ruby_3_3",
      "source": "nixpkg"
    }
  }
}
